{
  "name": "@cashfarm/store",
  "version": "0.7.3",
  "lockfileVersion": 1,
  "requires": true,
  "dependencies": {
    "@cashfarm/lang": {
      "version": "https://github.com/herlon214/lang/tarball/master",
      "integrity": "sha512-MRDSFkADPXQBSlxfG20tjqwXLEj4Eb6QFJqU4xLfDBw0CAT8hgyR2wXwCZoCqBc73GqKvXOq0BQej9onCLpA3w==",
      "requires": {
        "class-transformer": "^0.1.8",
        "reflect-metadata": "^0.1.10",
        "uuid": "^3.1.0"
      },
      "dependencies": {
        "reflect-metadata": {
          "version": "0.1.12",
          "resolved": "https://registry.npmjs.org/reflect-metadata/-/reflect-metadata-0.1.12.tgz",
          "integrity": "sha512-n+IyV+nGz3+0q3/Yf1ra12KpCyi001bi4XFxSjbiWWjfqb52iTTtpGXmCCAOWWIAn9KEuFZKGqBERHmrtScZ3A=="
        }
      }
    },
    "class-transformer": {
      "version": "0.1.10",
      "resolved": "https://registry.npmjs.org/class-transformer/-/class-transformer-0.1.10.tgz",
      "integrity": "sha512-QiNdUxEvTBiUtc0KiapGVHhgaqGQVEhOfL9UEBnb9xRfcwmDJT5ijIDwcwJUTwXaT/kGvZZB4JCGsiuR5adX6g=="
    },
    "uuid": {
      "version": "3.3.2",
      "resolved": "https://registry.npmjs.org/uuid/-/uuid-3.3.2.tgz",
      "integrity": "sha512-yXJmeNaw3DnnKAOKJE51sL/ZaYfWJRl1pK9dr19YFCu0ObS231AB1/LbqTKRAQ5kw8A90rA6fr4riOUpTZvQZA=="
    }
  }
}
